{
  "nodes": {
    "niri-stable": {
      "flake": false,
      "locked": {
        "lastModified": 1736614405,
        "narHash": "sha256-AJ1rlgNOPb3/+DbS5hkhm21t6Oz8IgqLllwmZt0lyzk=",
        "owner": "YaLTeR",
        "repo": "niri",
        "rev": "e05bc269e678ecf828b96ae79c991c13b00b38a5",
        "type": "github"
      },
      "original": {
        "owner": "YaLTeR",
        "ref": "v25.01",
        "repo": "niri",
        "type": "github"
      }
    },
    "niri-unstable": {
      "flake": false,
      "locked": {
        "lastModified": 1737918541,
        "narHash": "sha256-NKartmApYTAjteTg78OAIAYGvtl9QCDcKp8tPk3KCuI=",
        "owner": "YaLTeR",
        "repo": "niri",
        "rev": "baa051891237054f2d4db86d7bcfe0f17440c35f",
        "type": "github"
      },
      "original": {
        "owner": "YaLTeR",
        "repo": "niri",
        "type": "github"
      }
    },
    "nixpkgs": {
      "locked": {
        "lastModified": 1737746512,
        "narHash": "sha256-nU6AezEX4EuahTO1YopzueAXfjFfmCHylYEFCagduHU=",
        "owner": "NixOS",
        "repo": "nixpkgs",
        "rev": "825479c345a7f806485b7f00dbe3abb50641b083",
        "type": "github"
      },
      "original": {
        "owner": "NixOS",
        "ref": "nixos-unstable",
        "repo": "nixpkgs",
        "type": "github"
      }
    },
    "nixpkgs-stable": {
      "locked": {
        "lastModified": 1737672001,
        "narHash": "sha256-YnHJJ19wqmibLQdUeq9xzE6CjrMA568KN/lFPuSVs4I=",
        "owner": "NixOS",
        "repo": "nixpkgs",
        "rev": "035f8c0853c2977b24ffc4d0a42c74f00b182cd8",
        "type": "github"
      },
      "original": {
        "owner": "NixOS",
        "ref": "nixos-24.11",
        "repo": "nixpkgs",
        "type": "github"
      }
    },
    "root": {
      "inputs": {
        "niri-stable": "niri-stable",
        "niri-unstable": "niri-unstable",
        "nixpkgs": "nixpkgs",
        "nixpkgs-stable": "nixpkgs-stable",
        "xwayland-satellite-stable": "xwayland-satellite-stable",
        "xwayland-satellite-unstable": "xwayland-satellite-unstable"
      }
    },
    "xwayland-satellite-stable": {
      "flake": false,
      "locked": {
        "lastModified": 1730166465,
        "narHash": "sha256-nq7bouXQXaaPPo/E+Jbq+wNHnatD4dY8OxSrRqzvy6s=",
        "owner": "Supreeeme",
        "repo": "xwayland-satellite",
        "rev": "a713cf46cb7db84a0d1b57c3a397c610cad3cf98",
        "type": "github"
      },
      "original": {
        "owner": "Supreeeme",
        "ref": "v0.5",
        "repo": "xwayland-satellite",
        "type": "github"
      }
    },
    "xwayland-satellite-unstable": {
      "flake": false,
      "locked": {
        "lastModified": 1737837494,
        "narHash": "sha256-wIMowP8Juas4ZwMRcpc+58sZ0kKTDu8fm13THPmv/F8=",
        "owner": "Supreeeme",
        "repo": "xwayland-satellite",
        "rev": "3944c9a0e40e5629f16ad023bbc90dac80d35a0f",
        "type": "github"
      },
      "original": {
        "owner": "Supreeeme",
        "repo": "xwayland-satellite",
        "type": "github"
      }
    }
  },
  "root": "root",
  "version": 7
}
